
Microsoft Visual Studio Solution File, Format Version 12.00
# Visual Studio 15
VisualStudioVersion = 15.0.28307.572
MinimumVisualStudioVersion = 10.0.40219.1
Project("{FAE04EC0-301F-11D3-BF4B-00C04F79EFBC}") = "TechTaskWG.DTO", "TechTaskWG.DTO\TechTaskWG.DTO.csproj", "{AE275B1E-8D5D-4282-B44B-CC70FDFD07B0}"
EndProject
Project("{FAE04EC0-301F-11D3-BF4B-00C04F79EFBC}") = "TechTaskWG.DAL", "TechTaskWG.DAL\TechTaskWG.DAL.csproj", "{7D23A908-0F61-4F84-B32A-ED51049F0605}"
EndProject
Global
	GlobalSection(SolutionConfigurationPlatforms) = preSolution
		Debug|Any CPU = Debug|Any CPU
		Release|Any CPU = Release|Any CPU
	EndGlobalSection
	GlobalSection(ProjectConfigurationPlatforms) = postSolution
		{AE275B1E-8D5D-4282-B44B-CC70FDFD07B0}.Debug|Any CPU.ActiveCfg = Debug|Any CPU
		{AE275B1E-8D5D-4282-B44B-CC70FDFD07B0}.Debug|Any CPU.Build.0 = Debug|Any CPU
		{AE275B1E-8D5D-4282-B44B-CC70FDFD07B0}.Release|Any CPU.ActiveCfg = Release|Any CPU
		{AE275B1E-8D5D-4282-B44B-CC70FDFD07B0}.Release|Any CPU.Build.0 = Release|Any CPU
		{7D23A908-0F61-4F84-B32A-ED51049F0605}.Debug|Any CPU.ActiveCfg = Debug|Any CPU
		{7D23A908-0F61-4F84-B32A-ED51049F0605}.Debug|Any CPU.Build.0 = Debug|Any CPU
		{7D23A908-0F61-4F84-B32A-ED51049F0605}.Release|Any CPU.ActiveCfg = Release|Any CPU
		{7D23A908-0F61-4F84-B32A-ED51049F0605}.Release|Any CPU.Build.0 = Release|Any CPU
	EndGlobalSection
	GlobalSection(SolutionProperties) = preSolution
		HideSolutionNode = FALSE
	EndGlobalSection
	GlobalSection(ExtensibilityGlobals) = postSolution
		SolutionGuid = {1843EDDC-8D56-4654-9480-AD8A7EB651DA}
	EndGlobalSection
EndGlobal
